// !$*UTF8*$!
{
	archiveVersion = 1;
	classes = {
	};
	objectVersion = 56;
	objects = {

/* Begin PBXBuildFile section */
		500A25C02A6AFAC100C79260 /* CoreNetworking in Frameworks */ = {isa = PBXBuildFile; productRef = 500A25BF2A6AFAC100C79260 /* CoreNetworking */; };
		500A25C22A6AFAC100C79260 /* WeatherKit in Frameworks */ = {isa = PBXBuildFile; productRef = 500A25C12A6AFAC100C79260 /* WeatherKit */; };
		500A25C42A6AFAC100C79260 /* WeatherUI in Frameworks */ = {isa = PBXBuildFile; productRef = 500A25C32A6AFAC100C79260 /* WeatherUI */; };
		502DDD4A2A69F902003F8C48 /* OpenWeatherApp.swift in Sources */ = {isa = PBXBuildFile; fileRef = 502DDD492A69F902003F8C48 /* OpenWeatherApp.swift */; };
		502DDD4C2A69F902003F8C48 /* ContentView.swift in Sources */ = {isa = PBXBuildFile; fileRef = 502DDD4B2A69F902003F8C48 /* ContentView.swift */; };
		502DDD4E2A69F903003F8C48 /* Assets.xcassets in Resources */ = {isa = PBXBuildFile; fileRef = 502DDD4D2A69F903003F8C48 /* Assets.xcassets */; };
		502DDD512A69F903003F8C48 /* Preview Assets.xcassets in Resources */ = {isa = PBXBuildFile; fileRef = 502DDD502A69F903003F8C48 /* Preview Assets.xcassets */; };
		502DDD5B2A69F903003F8C48 /* OpenWeatherTests.swift in Sources */ = {isa = PBXBuildFile; fileRef = 502DDD5A2A69F903003F8C48 /* OpenWeatherTests.swift */; };
		502DDD652A69F903003F8C48 /* OpenWeatherUITests.swift in Sources */ = {isa = PBXBuildFile; fileRef = 502DDD642A69F903003F8C48 /* OpenWeatherUITests.swift */; };
		502DDD672A69F903003F8C48 /* OpenWeatherUITestsLaunchTests.swift in Sources */ = {isa = PBXBuildFile; fileRef = 502DDD662A69F903003F8C48 /* OpenWeatherUITestsLaunchTests.swift */; };
/* End PBXBuildFile section */

/* Begin PBXContainerItemProxy section */
		502DDD572A69F903003F8C48 /* PBXContainerItemProxy */ = {
			isa = PBXContainerItemProxy;
			containerPortal = 502DDD3E2A69F902003F8C48 /* Project object */;
			proxyType = 1;
			remoteGlobalIDString = 502DDD452A69F902003F8C48;
			remoteInfo = OpenWeather;
		};
		502DDD612A69F903003F8C48 /* PBXContainerItemProxy */ = {
			isa = PBXContainerItemProxy;
			containerPortal = 502DDD3E2A69F902003F8C48 /* Project object */;
			proxyType = 1;
			remoteGlobalIDString = 502DDD452A69F902003F8C48;
			remoteInfo = OpenWeather;
		};
/* End PBXContainerItemProxy section */

/* Begin PBXFileReference section */
		500A25BA2A6A093D00C79260 /* Open-Weather */ = {isa = PBXFileReference; lastKnownFileType = wrapper; name = "Open-Weather"; path = "../Open-Weather"; sourceTree = "<group>"; };
		500A25BC2A6A0C7C00C79260 /* OpenWeather.xctestplan */ = {isa = PBXFileReference; lastKnownFileType = text; path = OpenWeather.xctestplan; sourceTree = "<group>"; };
		500A25BD2A6A0DD900C79260 /* Open-Weather-Package.xctestplan */ = {isa = PBXFileReference; lastKnownFileType = text; name = "Open-Weather-Package.xctestplan"; path = "../Open-Weather/Open-Weather-Package.xctestplan"; sourceTree = "<group>"; };
		502DDD462A69F902003F8C48 /* OpenWeather.app */ = {isa = PBXFileReference; explicitFileType = wrapper.application; includeInIndex = 0; path = OpenWeather.app; sourceTree = BUILT_PRODUCTS_DIR; };
		502DDD492A69F902003F8C48 /* OpenWeatherApp.swift */ = {isa = PBXFileReference; lastKnownFileType = sourcecode.swift; path = OpenWeatherApp.swift; sourceTree = "<group>"; };
		502DDD4B2A69F902003F8C48 /* ContentView.swift */ = {isa = PBXFileReference; lastKnownFileType = sourcecode.swift; path = ContentView.swift; sourceTree = "<group>"; };
		502DDD4D2A69F903003F8C48 /* Assets.xcassets */ = {isa = PBXFileReference; lastKnownFileType = folder.assetcatalog; path = Assets.xcassets; sourceTree = "<group>"; };
		502DDD502A69F903003F8C48 /* Preview Assets.xcassets */ = {isa = PBXFileReference; lastKnownFileType = folder.assetcatalog; path = "Preview Assets.xcassets"; sourceTree = "<group>"; };
		502DDD562A69F903003F8C48 /* OpenWeatherTests.xctest */ = {isa = PBXFileReference; explicitFileType = wrapper.cfbundle; includeInIndex = 0; path = OpenWeatherTests.xctest; sourceTree = BUILT_PRODUCTS_DIR; };
		502DDD5A2A69F903003F8C48 /* OpenWeatherTests.swift */ = {isa = PBXFileReference; lastKnownFileType = sourcecode.swift; path = OpenWeatherTests.swift; sourceTree = "<group>"; };
		502DDD602A69F903003F8C48 /* OpenWeatherUITests.xctest */ = {isa = PBXFileReference; explicitFileType = wrapper.cfbundle; includeInIndex = 0; path = OpenWeatherUITests.xctest; sourceTree = BUILT_PRODUCTS_DIR; };
		502DDD642A69F903003F8C48 /* OpenWeatherUITests.swift */ = {isa = PBXFileReference; lastKnownFileType = sourcecode.swift; path = OpenWeatherUITests.swift; sourceTree = "<group>"; };
		502DDD662A69F903003F8C48 /* OpenWeatherUITestsLaunchTests.swift */ = {isa = PBXFileReference; lastKnownFileType = sourcecode.swift; path = OpenWeatherUITestsLaunchTests.swift; sourceTree = "<group>"; };
/* End PBXFileReference section */

/* Begin PBXFrameworksBuildPhase section */
		502DDD432A69F902003F8C48 /* Frameworks */ = {
			isa = PBXFrameworksBuildPhase;
			buildActionMask = 2147483647;
			files = (
				500A25C42A6AFAC100C79260 /* WeatherUI in Frameworks */,
				500A25C22A6AFAC100C79260 /* WeatherKit in Frameworks */,
				500A25C02A6AFAC100C79260 /* CoreNetworking in Frameworks */,
			);
			runOnlyForDeploymentPostprocessing = 0;
		};
		502DDD532A69F903003F8C48 /* Frameworks */ = {
			isa = PBXFrameworksBuildPhase;
			buildActionMask = 2147483647;
			files = (
			);
			runOnlyForDeploymentPostprocessing = 0;
		};
		502DDD5D2A69F903003F8C48 /* Frameworks */ = {
			isa = PBXFrameworksBuildPhase;
			buildActionMask = 2147483647;
			files = (
			);
			runOnlyForDeploymentPostprocessing = 0;
		};
/* End PBXFrameworksBuildPhase section */

/* Begin PBXGroup section */
		500A25BE2A6AFAC100C79260 /* Frameworks */ = {
			isa = PBXGroup;
			children = (
			);
			name = Frameworks;
			sourceTree = "<group>";
		};
		502DDD3D2A69F902003F8C48 = {
			isa = PBXGroup;
			children = (
				500A25BD2A6A0DD900C79260 /* Open-Weather-Package.xctestplan */,
				500A25BC2A6A0C7C00C79260 /* OpenWeather.xctestplan */,
				500A25BA2A6A093D00C79260 /* Open-Weather */,
				502DDD482A69F902003F8C48 /* OpenWeather */,
				502DDD592A69F903003F8C48 /* OpenWeatherTests */,
				502DDD632A69F903003F8C48 /* OpenWeatherUITests */,
				502DDD472A69F902003F8C48 /* Products */,
				500A25BE2A6AFAC100C79260 /* Frameworks */,
			);
			sourceTree = "<group>";
		};
		502DDD472A69F902003F8C48 /* Products */ = {
			isa = PBXGroup;
			children = (
				502DDD462A69F902003F8C48 /* OpenWeather.app */,
				502DDD562A69F903003F8C48 /* OpenWeatherTests.xctest */,
				502DDD602A69F903003F8C48 /* OpenWeatherUITests.xctest */,
			);
			name = Products;
			sourceTree = "<group>";
		};
		502DDD482A69F902003F8C48 /* OpenWeather */ = {
			isa = PBXGroup;
			children = (
				502DDD492A69F902003F8C48 /* OpenWeatherApp.swift */,
				502DDD4B2A69F902003F8C48 /* ContentView.swift */,
				502DDD4D2A69F903003F8C48 /* Assets.xcassets */,
				502DDD4F2A69F903003F8C48 /* Preview Content */,
			);
			path = OpenWeather;
			sourceTree = "<group>";
		};
		502DDD4F2A69F903003F8C48 /* Preview Content */ = {
			isa = PBXGroup;
			children = (
				502DDD502A69F903003F8C48 /* Preview Assets.xcassets */,
			);
			path = "Preview Content";
			sourceTree = "<group>";
		};
		502DDD592A69F903003F8C48 /* OpenWeatherTests */ = {
			isa = PBXGroup;
			children = (
				502DDD5A2A69F903003F8C48 /* OpenWeatherTests.swift */,
			);
			path = OpenWeatherTests;
			sourceTree = "<group>";
		};
		502DDD632A69F903003F8C48 /* OpenWeatherUITests */ = {
			isa = PBXGroup;
			children = (
				502DDD642A69F903003F8C48 /* OpenWeatherUITests.swift */,
				502DDD662A69F903003F8C48 /* OpenWeatherUITestsLaunchTests.swift */,
			);
			path = OpenWeatherUITests;
			sourceTree = "<group>";
		};
/* End PBXGroup section */

/* Begin PBXNativeTarget section */
		502DDD452A69F902003F8C48 /* OpenWeather */ = {
			isa = PBXNativeTarget;
			buildConfigurationList = 502DDD6A2A69F903003F8C48 /* Build configuration list for PBXNativeTarget "OpenWeather" */;
			buildPhases = (
				502DDD422A69F902003F8C48 /* Sources */,
				502DDD432A69F902003F8C48 /* Frameworks */,
				502DDD442A69F902003F8C48 /* Resources */,
			);
			buildRules = (
			);
			dependencies = (
			);
			name = OpenWeather;
			packageProductDependencies = (
				500A25BF2A6AFAC100C79260 /* CoreNetworking */,
				500A25C12A6AFAC100C79260 /* WeatherKit */,
				500A25C32A6AFAC100C79260 /* WeatherUI */,
			);
			productName = OpenWeather;
			productReference = 502DDD462A69F902003F8C48 /* OpenWeather.app */;
			productType = "com.apple.product-type.application";
		};
		502DDD552A69F903003F8C48 /* OpenWeatherTests */ = {
			isa = PBXNativeTarget;
			buildConfigurationList = 502DDD6D2A69F903003F8C48 /* Build configuration list for PBXNativeTarget "OpenWeatherTests" */;
			buildPhases = (
				502DDD522A69F903003F8C48 /* Sources */,
				502DDD532A69F903003F8C48 /* Frameworks */,
				502DDD542A69F903003F8C48 /* Resources */,
			);
			buildRules = (
			);
			dependencies = (
				502DDD582A69F903003F8C48 /* PBXTargetDependency */,
			);
			name = OpenWeatherTests;
			productName = OpenWeatherTests;
			productReference = 502DDD562A69F903003F8C48 /* OpenWeatherTests.xctest */;
			productType = "com.apple.product-type.bundle.unit-test";
		};
		502DDD5F2A69F903003F8C48 /* OpenWeatherUITests */ = {
			isa = PBXNativeTarget;
			buildConfigurationList = 502DDD702A69F903003F8C48 /* Build configuration list for PBXNativeTarget "OpenWeatherUITests" */;
			buildPhases = (
				502DDD5C2A69F903003F8C48 /* Sources */,
				502DDD5D2A69F903003F8C48 /* Frameworks */,
				502DDD5E2A69F903003F8C48 /* Resources */,
			);
			buildRules = (
			);
			dependencies = (
				502DDD622A69F903003F8C48 /* PBXTargetDependency */,
			);
			name = OpenWeatherUITests;
			productName = OpenWeatherUITests;
			productReference = 502DDD602A69F903003F8C48 /* OpenWeatherUITests.xctest */;
			productType = "com.apple.product-type.bundle.ui-testing";
		};
/* End PBXNativeTarget section */

/* Begin PBXProject section */
		502DDD3E2A69F902003F8C48 /* Project object */ = {
			isa = PBXProject;
			attributes = {
				BuildIndependentTargetsInParallel = 1;
				LastSwiftUpdateCheck = 1430;
				LastUpgradeCheck = 1430;
				TargetAttributes = {
					502DDD452A69F902003F8C48 = {
						CreatedOnToolsVersion = 14.3.1;
					};
					502DDD552A69F903003F8C48 = {
						CreatedOnToolsVersion = 14.3.1;
						TestTargetID = 502DDD452A69F902003F8C48;
					};
					502DDD5F2A69F903003F8C48 = {
						CreatedOnToolsVersion = 14.3.1;
						TestTargetID = 502DDD452A69F902003F8C48;
					};
				};
			};
			buildConfigurationList = 502DDD412A69F902003F8C48 /* Build configuration list for PBXProject "OpenWeather" */;
			compatibilityVersion = "Xcode 14.0";
			developmentRegion = en;
			hasScannedForEncodings = 0;
			knownRegions = (
				en,
				Base,
			);
			mainGroup = 502DDD3D2A69F902003F8C48;
			productRefGroup = 502DDD472A69F902003F8C48 /* Products */;
			projectDirPath = "";
			projectRoot = "";
			targets = (
				502DDD452A69F902003F8C48 /* OpenWeather */,
				502DDD552A69F903003F8C48 /* OpenWeatherTests */,
				502DDD5F2A69F903003F8C48 /* OpenWeatherUITests */,
			);
		};
/* End PBXProject section */

/* Begin PBXResourcesBuildPhase section */
		502DDD442A69F902003F8C48 /* Resources */ = {
			isa = PBXResourcesBuildPhase;
			buildActionMask = 2147483647;
			files = (
				502DDD512A69F903003F8C48 /* Preview Assets.xcassets in Resources */,
				502DDD4E2A69F903003F8C48 /* Assets.xcassets in Resources */,
			);
			runOnlyForDeploymentPostprocessing = 0;
		};
		502DDD542A69F903003F8C48 /* Resources */ = {
			isa = PBXResourcesBuildPhase;
			buildActionMask = 2147483647;
			files = (
			);
			runOnlyForDeploymentPostprocessing = 0;
		};
		502DDD5E2A69F903003F8C48 /* Resources */ = {
			isa = PBXResourcesBuildPhase;
			buildActionMask = 2147483647;
			files = (
			);
			runOnlyForDeploymentPostprocessing = 0;
		};
/* End PBXResourcesBuildPhase section */

/* Begin PBXSourcesBuildPhase section */
		502DDD422A69F902003F8C48 /* Sources */ = {
			isa = PBXSourcesBuildPhase;
			buildActionMask = 2147483647;
			files = (
				502DDD4C2A69F902003F8C48 /* ContentView.swift in Sources */,
				502DDD4A2A69F902003F8C48 /* OpenWeatherApp.swift in Sources */,
			);
			runOnlyForDeploymentPostprocessing = 0;
		};
		502DDD522A69F903003F8C48 /* Sources */ = {
			isa = PBXSourcesBuildPhase;
			buildActionMask = 2147483647;
			files = (
				502DDD5B2A69F903003F8C48 /* OpenWeatherTests.swift in Sources */,
			);
			runOnlyForDeploymentPostprocessing = 0;
		};
		502DDD5C2A69F903003F8C48 /* Sources */ = {
			isa = PBXSourcesBuildPhase;
			buildActionMask = 2147483647;
			files = (
				502DDD652A69F903003F8C48 /* OpenWeatherUITests.swift in Sources */,
				502DDD672A69F903003F8C48 /* OpenWeatherUITestsLaunchTests.swift in Sources */,
			);
			runOnlyForDeploymentPostprocessing = 0;
		};
/* End PBXSourcesBuildPhase section */

/* Begin PBXTargetDependency section */
		502DDD582A69F903003F8C48 /* PBXTargetDependency */ = {
			isa = PBXTargetDependency;
			target = 502DDD452A69F902003F8C48 /* OpenWeather */;
			targetProxy = 502DDD572A69F903003F8C48 /* PBXContainerItemProxy */;
		};
		502DDD622A69F903003F8C48 /* PBXTargetDependency */ = {
			isa = PBXTargetDependency;
			target = 502DDD452A69F902003F8C48 /* OpenWeather */;
			targetProxy = 502DDD612A69F903003F8C48 /* PBXContainerItemProxy */;
		};
/* End PBXTargetDependency section */

/* Begin XCBuildConfiguration section */
		502DDD682A69F903003F8C48 /* Debug */ = {
			isa = XCBuildConfiguration;
			buildSettings = {
				ALWAYS_SEARCH_USER_PATHS = NO;
				CLANG_ANALYZER_NONNULL = YES;
				CLANG_ANALYZER_NUMBER_OBJECT_CONVERSION = YES_AGGRESSIVE;
				CLANG_CXX_LANGUAGE_STANDARD = "gnu++20";
				CLANG_ENABLE_MODULES = YES;
				CLANG_ENABLE_OBJC_ARC = YES;
				CLANG_ENABLE_OBJC_WEAK = YES;
				CLANG_WARN_BLOCK_CAPTURE_AUTORELEASING = YES;
				CLANG_WARN_BOOL_CONVERSION = YES;
				CLANG_WARN_COMMA = YES;
				CLANG_WARN_CONSTANT_CONVERSION = YES;
				CLANG_WARN_DEPRECATED_OBJC_IMPLEMENTATIONS = YES;
				CLANG_WARN_DIRECT_OBJC_ISA_USAGE = YES_ERROR;
				CLANG_WARN_DOCUMENTATION_COMMENTS = YES;
				CLANG_WARN_EMPTY_BODY = YES;
				CLANG_WARN_ENUM_CONVERSION = YES;
				CLANG_WARN_INFINITE_RECURSION = YES;
				CLANG_WARN_INT_CONVERSION = YES;
				CLANG_WARN_NON_LITERAL_NULL_CONVERSION = YES;
				CLANG_WARN_OBJC_IMPLICIT_RETAIN_SELF = YES;
				CLANG_WARN_OBJC_LITERAL_CONVERSION = YES;
				CLANG_WARN_OBJC_ROOT_CLASS = YES_ERROR;
				CLANG_WARN_QUOTED_INCLUDE_IN_FRAMEWORK_HEADER = YES;
				CLANG_WARN_RANGE_LOOP_ANALYSIS = YES;
				CLANG_WARN_STRICT_PROTOTYPES = YES;
				CLANG_WARN_SUSPICIOUS_MOVE = YES;
				CLANG_WARN_UNGUARDED_AVAILABILITY = YES_AGGRESSIVE;
				CLANG_WARN_UNREACHABLE_CODE = YES;
				CLANG_WARN__DUPLICATE_METHOD_MATCH = YES;
				COPY_PHASE_STRIP = NO;
				DEBUG_INFORMATION_FORMAT = dwarf;
				ENABLE_STRICT_OBJC_MSGSEND = YES;
				ENABLE_TESTABILITY = YES;
				GCC_C_LANGUAGE_STANDARD = gnu11;
				GCC_DYNAMIC_NO_PIC = NO;
				GCC_NO_COMMON_BLOCKS = YES;
				GCC_OPTIMIZATION_LEVEL = 0;
				GCC_PREPROCESSOR_DEFINITIONS = (
					"DEBUG=1",
					"$(inherited)",
				);
				GCC_WARN_64_TO_32_BIT_CONVERSION = YES;
				GCC_WARN_ABOUT_RETURN_TYPE = YES_ERROR;
				GCC_WARN_UNDECLARED_SELECTOR = YES;
				GCC_WARN_UNINITIALIZED_AUTOS = YES_AGGRESSIVE;
				GCC_WARN_UNUSED_FUNCTION = YES;
				GCC_WARN_UNUSED_VARIABLE = YES;
				IPHONEOS_DEPLOYMENT_TARGET = 16.0;
				MTL_ENABLE_DEBUG_INFO = INCLUDE_SOURCE;
				MTL_FAST_MATH = YES;
				ONLY_ACTIVE_ARCH = YES;
				SDKROOT = iphoneos;
				SWIFT_ACTIVE_COMPILATION_CONDITIONS = DEBUG;
				SWIFT_OPTIMIZATION_LEVEL = "-Onone";
			};
			name = Debug;
		};
		502DDD692A69F903003F8C48 /* Release */ = {
			isa = XCBuildConfiguration;
			buildSettings = {
				ALWAYS_SEARCH_USER_PATHS = NO;
				CLANG_ANALYZER_NONNULL = YES;
				CLANG_ANALYZER_NUMBER_OBJECT_CONVERSION = YES_AGGRESSIVE;
				CLANG_CXX_LANGUAGE_STANDARD = "gnu++20";
				CLANG_ENABLE_MODULES = YES;
				CLANG_ENABLE_OBJC_ARC = YES;
				CLANG_ENABLE_OBJC_WEAK = YES;
				CLANG_WARN_BLOCK_CAPTURE_AUTORELEASING = YES;
				CLANG_WARN_BOOL_CONVERSION = YES;
				CLANG_WARN_COMMA = YES;
				CLANG_WARN_CONSTANT_CONVERSION = YES;
				CLANG_WARN_DEPRECATED_OBJC_IMPLEMENTATIONS = YES;
				CLANG_WARN_DIRECT_OBJC_ISA_USAGE = YES_ERROR;
				CLANG_WARN_DOCUMENTATION_COMMENTS = YES;
				CLANG_WARN_EMPTY_BODY = YES;
				CLANG_WARN_ENUM_CONVERSION = YES;
				CLANG_WARN_INFINITE_RECURSION = YES;
				CLANG_WARN_INT_CONVERSION = YES;
				CLANG_WARN_NON_LITERAL_NULL_CONVERSION = YES;
				CLANG_WARN_OBJC_IMPLICIT_RETAIN_SELF = YES;
				CLANG_WARN_OBJC_LITERAL_CONVERSION = YES;
				CLANG_WARN_OBJC_ROOT_CLASS = YES_ERROR;
				CLANG_WARN_QUOTED_INCLUDE_IN_FRAMEWORK_HEADER = YES;
				CLANG_WARN_RANGE_LOOP_ANALYSIS = YES;
				CLANG_WARN_STRICT_PROTOTYPES = YES;
				CLANG_WARN_SUSPICIOUS_MOVE = YES;
				CLANG_WARN_UNGUARDED_AVAILABILITY = YES_AGGRESSIVE;
				CLANG_WARN_UNREACHABLE_CODE = YES;
				CLANG_WARN__DUPLICATE_METHOD_MATCH = YES;
				COPY_PHASE_STRIP = NO;
				DEBUG_INFORMATION_FORMAT = "dwarf-with-dsym";
				ENABLE_NS_ASSERTIONS = NO;
				ENABLE_STRICT_OBJC_MSGSEND = YES;
				GCC_C_LANGUAGE_STANDARD = gnu11;
				GCC_NO_COMMON_BLOCKS = YES;
				GCC_WARN_64_TO_32_BIT_CONVERSION = YES;
				GCC_WARN_ABOUT_RETURN_TYPE = YES_ERROR;
				GCC_WARN_UNDECLARED_SELECTOR = YES;
				GCC_WARN_UNINITIALIZED_AUTOS = YES_AGGRESSIVE;
				GCC_WARN_UNUSED_FUNCTION = YES;
				GCC_WARN_UNUSED_VARIABLE = YES;
				IPHONEOS_DEPLOYMENT_TARGET = 16.0;
				MTL_ENABLE_DEBUG_INFO = NO;
				MTL_FAST_MATH = YES;
				SDKROOT = iphoneos;
				SWIFT_COMPILATION_MODE = wholemodule;
				SWIFT_OPTIMIZATION_LEVEL = "-O";
				VALIDATE_PRODUCT = YES;
			};
			name = Release;
		};
		502DDD6B2A69F903003F8C48 /* Debug */ = {
			isa = XCBuildConfiguration;
			buildSettings = {
				ASSETCATALOG_COMPILER_APPICON_NAME = AppIcon;
				ASSETCATALOG_COMPILER_GLOBAL_ACCENT_COLOR_NAME = AccentColor;
				CODE_SIGN_STYLE = Automatic;
				CURRENT_PROJECT_VERSION = 1;
				DEVELOPMENT_ASSET_PATHS = "\"OpenWeather/Preview Content\"";
				DEVELOPMENT_TEAM = 7MBUBXKW3M;
				ENABLE_PREVIEWS = YES;
				GENERATE_INFOPLIST_FILE = YES;
				INFOPLIST_KEY_NSLocationWhenInUseUsageDescription = "We need your location to provide weather updates.";
				INFOPLIST_KEY_UIApplicationSceneManifest_Generation = YES;
				INFOPLIST_KEY_UIApplicationSupportsIndirectInputEvents = YES;
				INFOPLIST_KEY_UILaunchScreen_Generation = YES;
				INFOPLIST_KEY_UISupportedInterfaceOrientations = UIInterfaceOrientationPortrait;
				INFOPLIST_KEY_UISupportedInterfaceOrientations_iPad = "UIInterfaceOrientationLandscapeLeft UIInterfaceOrientationLandscapeRight UIInterfaceOrientationPortrait UIInterfaceOrientationPortraitUpsideDown";
				IPHONEOS_DEPLOYMENT_TARGET = 16.0;
				LD_RUNPATH_SEARCH_PATHS = (
					"$(inherited)",
					"@executable_path/Frameworks",
				);
				MARKETING_VERSION = 1.0;
				PRODUCT_BUNDLE_IDENTIFIER = com.OpenWeather;
				PRODUCT_NAME = "$(TARGET_NAME)";
				SUPPORTED_PLATFORMS = "iphoneos iphonesimulator";
				SUPPORTS_MACCATALYST = NO;
				SUPPORTS_MAC_DESIGNED_FOR_IPHONE_IPAD = NO;
				SWIFT_EMIT_LOC_STRINGS = YES;
				SWIFT_VERSION = 5.0;
				TARGETED_DEVICE_FAMILY = 1;
			};
			name = Debug;
		};
		502DDD6C2A69F903003F8C48 /* Release */ = {
			isa = XCBuildConfiguration;
			buildSettings = {
				ASSETCATALOG_COMPILER_APPICON_NAME = AppIcon;
				ASSETCATALOG_COMPILER_GLOBAL_ACCENT_COLOR_NAME = AccentColor;
				CODE_SIGN_STYLE = Automatic;
				CURRENT_PROJECT_VERSION = 1;
				DEVELOPMENT_ASSET_PATHS = "\"OpenWeather/Preview Content\"";
				DEVELOPMENT_TEAM = 7MBUBXKW3M;
				ENABLE_PREVIEWS = YES;
				GENERATE_INFOPLIST_FILE = YES;
				INFOPLIST_KEY_NSLocationWhenInUseUsageDescription = "We need your location to provide weather updates.";
				INFOPLIST_KEY_UIApplicationSceneManifest_Generation = YES;
				INFOPLIST_KEY_UIApplicationSupportsIndirectInputEvents = YES;
				INFOPLIST_KEY_UILaunchScreen_Generation = YES;
				INFOPLIST_KEY_UISupportedInterfaceOrientations = UIInterfaceOrientationPortrait;
				INFOPLIST_KEY_UISupportedInterfaceOrientations_iPad = "UIInterfaceOrientationLandscapeLeft UIInterfaceOrientationLandscapeRight UIInterfaceOrientationPortrait UIInterfaceOrientationPortraitUpsideDown";
				IPHONEOS_DEPLOYMENT_TARGET = 16.0;
				LD_RUNPATH_SEARCH_PATHS = (
					"$(inherited)",
					"@executable_path/Frameworks",
				);
				MARKETING_VERSION = 1.0;
				PRODUCT_BUNDLE_IDENTIFIER = com.OpenWeather;
				PRODUCT_NAME = "$(TARGET_NAME)";
				SUPPORTED_PLATFORMS = "iphoneos iphonesimulator";
				SUPPORTS_MACCATALYST = NO;
				SUPPORTS_MAC_DESIGNED_FOR_IPHONE_IPAD = NO;
				SWIFT_EMIT_LOC_STRINGS = YES;
				SWIFT_VERSION = 5.0;
				TARGETED_DEVICE_FAMILY = 1;
			};
			name = Release;
		};
		502DDD6E2A69F903003F8C48 /* Debug */ = {
			isa = XCBuildConfiguration;
			buildSettings = {
				ALWAYS_EMBED_SWIFT_STANDARD_LIBRARIES = YES;
				BUNDLE_LOADER = "$(TEST_HOST)";
				CODE_SIGN_STYLE = Automatic;
				CURRENT_PROJECT_VERSION = 1;
				GENERATE_INFOPLIST_FILE = YES;
				IPHONEOS_DEPLOYMENT_TARGET = 16.0;
				MARKETING_VERSION = 1.0;
				PRODUCT_BUNDLE_IDENTIFIER = com.OpenWeatherTests;
				PRODUCT_NAME = "$(TARGET_NAME)";
				SUPPORTED_PLATFORMS = "iphoneos iphonesimulator";
				SUPPORTS_MACCATALYST = NO;
				SUPPORTS_MAC_DESIGNED_FOR_IPHONE_IPAD = NO;
				SWIFT_EMIT_LOC_STRINGS = NO;
				SWIFT_VERSION = 5.0;
				TARGETED_DEVICE_FAMILY = 1;
				TEST_HOST = "$(BUILT_PRODUCTS_DIR)/OpenWeather.app/$(BUNDLE_EXECUTABLE_FOLDER_PATH)/OpenWeather";
			};
			name = Debug;
		};
		502DDD6F2A69F903003F8C48 /* Release */ = {
			isa = XCBuildConfiguration;
			buildSettings = {
				ALWAYS_EMBED_SWIFT_STANDARD_LIBRARIES = YES;
				BUNDLE_LOADER = "$(TEST_HOST)";
				CODE_SIGN_STYLE = Automatic;
				CURRENT_PROJECT_VERSION = 1;
				GENERATE_INFOPLIST_FILE = YES;
				IPHONEOS_DEPLOYMENT_TARGET = 16.0;
				MARKETING_VERSION = 1.0;
				PRODUCT_BUNDLE_IDENTIFIER = com.OpenWeatherTests;
				PRODUCT_NAME = "$(TARGET_NAME)";
				SUPPORTED_PLATFORMS = "iphoneos iphonesimulator";
				SUPPORTS_MACCATALYST = NO;
				SUPPORTS_MAC_DESIGNED_FOR_IPHONE_IPAD = NO;
				SWIFT_EMIT_LOC_STRINGS = NO;
				SWIFT_VERSION = 5.0;
				TARGETED_DEVICE_FAMILY = 1;
				TEST_HOST = "$(BUILT_PRODUCTS_DIR)/OpenWeather.app/$(BUNDLE_EXECUTABLE_FOLDER_PATH)/OpenWeather";
			};
			name = Release;
		};
		502DDD712A69F903003F8C48 /* Debug */ = {
			isa = XCBuildConfiguration;
			buildSettings = {
				ALWAYS_EMBED_SWIFT_STANDARD_LIBRARIES = YES;
				CODE_SIGN_STYLE = Automatic;
				CURRENT_PROJECT_VERSION = 1;
				GENERATE_INFOPLIST_FILE = YES;
				MARKETING_VERSION = 1.0;
				PRODUCT_BUNDLE_IDENTIFIER = com.OpenWeatherUITests;
				PRODUCT_NAME = "$(TARGET_NAME)";
				SUPPORTED_PLATFORMS = "iphoneos iphonesimulator";
				SUPPORTS_MACCATALYST = NO;
				SUPPORTS_MAC_DESIGNED_FOR_IPHONE_IPAD = NO;
				SWIFT_EMIT_LOC_STRINGS = NO;
				SWIFT_VERSION = 5.0;
				TARGETED_DEVICE_FAMILY = 1;
				TEST_TARGET_NAME = OpenWeather;
			};
			name = Debug;
		};
		502DDD722A69F903003F8C48 /* Release */ = {
			isa = XCBuildConfiguration;
			buildSettings = {
				ALWAYS_EMBED_SWIFT_STANDARD_LIBRARIES = YES;
				CODE_SIGN_STYLE = Automatic;
				CURRENT_PROJECT_VERSION = 1;
				GENERATE_INFOPLIST_FILE = YES;
				MARKETING_VERSION = 1.0;
				PRODUCT_BUNDLE_IDENTIFIER = com.OpenWeatherUITests;
				PRODUCT_NAME = "$(TARGET_NAME)";
				SUPPORTED_PLATFORMS = "iphoneos iphonesimulator";
				SUPPORTS_MACCATALYST = NO;
				SUPPORTS_MAC_DESIGNED_FOR_IPHONE_IPAD = NO;
				SWIFT_EMIT_LOC_STRINGS = NO;
				SWIFT_VERSION = 5.0;
				TARGETED_DEVICE_FAMILY = 1;
				TEST_TARGET_NAME = OpenWeather;
			};
			name = Release;
		};
/* End XCBuildConfiguration section */

/* Begin XCConfigurationList section */
		502DDD412A69F902003F8C48 /* Build configuration list for PBXProject "OpenWeather" */ = {
			isa = XCConfigurationList;
			buildConfigurations = (
				502DDD682A69F903003F8C48 /* Debug */,
				502DDD692A69F903003F8C48 /* Release */,
			);
			defaultConfigurationIsVisible = 0;
			defaultConfigurationName = Release;
		};
		502DDD6A2A69F903003F8C48 /* Build configuration list for PBXNativeTarget "OpenWeather" */ = {
			isa = XCConfigurationList;
			buildConfigurations = (
				502DDD6B2A69F903003F8C48 /* Debug */,
				502DDD6C2A69F903003F8C48 /* Release */,
			);
			defaultConfigurationIsVisible = 0;
			defaultConfigurationName = Release;
		};
		502DDD6D2A69F903003F8C48 /* Build configuration list for PBXNativeTarget "OpenWeatherTests" */ = {
			isa = XCConfigurationList;
			buildConfigurations = (
				502DDD6E2A69F903003F8C48 /* Debug */,
				502DDD6F2A69F903003F8C48 /* Release */,
			);
			defaultConfigurationIsVisible = 0;
			defaultConfigurationName = Release;
		};
		502DDD702A69F903003F8C48 /* Build configuration list for PBXNativeTarget "OpenWeatherUITests" */ = {
			isa = XCConfigurationList;
			buildConfigurations = (
				502DDD712A69F903003F8C48 /* Debug */,
				502DDD722A69F903003F8C48 /* Release */,
			);
			defaultConfigurationIsVisible = 0;
			defaultConfigurationName = Release;
		};
/* End XCConfigurationList section */

/* Begin XCSwiftPackageProductDependency section */
		500A25BF2A6AFAC100C79260 /* CoreNetworking */ = {
			isa = XCSwiftPackageProductDependency;
			productName = CoreNetworking;
		};
		500A25C12A6AFAC100C79260 /* WeatherKit */ = {
			isa = XCSwiftPackageProductDependency;
			productName = WeatherKit;
		};
		500A25C32A6AFAC100C79260 /* WeatherUI */ = {
			isa = XCSwiftPackageProductDependency;
			productName = WeatherUI;
		};
/* End XCSwiftPackageProductDependency section */
	};
	rootObject = 502DDD3E2A69F902003F8C48 /* Project object */;
}
